github.com/alecthomas/kong v0.2.11 h1:RKeJXXWfg9N47RYfMm0+igkxBCTF4bzbneAxaqid0c4=
github.com/alecthomas/kong v0.2.11/go.mod h1:kQOmtJgV+Lb4aj+I2LEn40cbtawdWJ9Y8QLq+lElKxE=
github.com/davecgh/go-spew v1.1.1/go.mod h1:J7Y8YcW2NihsgmVo/mv3lAwl/skON4iLHjSsI+c5H38=
github.com/go-http-utils/headers v0.0.0-20181008091004-fed159eddc2a h1:v6zMvHuY9yue4+QkG/HQ/W67wvtQmWJ4SDo9aK/GIno=
github.com/go-http-utils/headers v0.0.0-20181008091004-fed159eddc2a/go.mod h1:I79BieaU4fxrw4LMXby6q5OS9XnoR9UIKLOzDFjUmuw=
github.com/mitchellh/go-homedir v1.1.0 h1:lukF9ziXFxDFPkA1vsr5zpc1XuPDn/wFntq5mG+4E0Y=
github.com/mitchellh/go-homedir v1.1.0/go.mod h1:SfyaCUpYCn1Vlf4IUYiD9fPX4A5wJrkLzIz1N1q0pr0=
github.com/pkg/errors v0.8.1 h1:iURUrRGxPUNPdy5/HRSm+Yj6okJ6UtLINN0Q9M4+h3I=
github.com/pkg/errors v0.8.1/go.mod h1:bwawxfHBFNV+L2hUp1rHADufV3IMtnDRdf1r5NINEl0=
github.com/pmezard/go-difflib v1.0.0/go.mod h1:iKH77koFhYxTK1pcRnkKkqfTogsbg7gZNVY4sRDYZ/4=
github.com/stretchr/testify v1.2.2/go.mod h1:a8OnRcib4nhh0OaRAV+Yts87kKdq0PP7pXfy6kDkUVs=
